// !$*UTF8*$!
{
	archiveVersion = 1;
	classes = {
	};
	objectVersion = 55;
	objects = {

/* Begin PBXBuildFile section */
		6AB9B76928582BAD007AD0C8 /* HomeViewController.swift in Sources */ = {isa = PBXBuildFile; fileRef = 6AB9B76828582BAD007AD0C8 /* HomeViewController.swift */; };
		6AB9B76B28582BEA007AD0C8 /* UpComingViewController.swift in Sources */ = {isa = PBXBuildFile; fileRef = 6AB9B76A28582BEA007AD0C8 /* UpComingViewController.swift */; };
		6AB9B76D28582C77007AD0C8 /* SearchViewController.swift in Sources */ = {isa = PBXBuildFile; fileRef = 6AB9B76C28582C77007AD0C8 /* SearchViewController.swift */; };
		6AB9B76F28582C95007AD0C8 /* DownloadsViewController.swift in Sources */ = {isa = PBXBuildFile; fileRef = 6AB9B76E28582C95007AD0C8 /* DownloadsViewController.swift */; };
		6AB9B7762858722E007AD0C8 /* CollectionViewTableViewCell.swift in Sources */ = {isa = PBXBuildFile; fileRef = 6AB9B7752858722E007AD0C8 /* CollectionViewTableViewCell.swift */; };
		6AB9B77B285968F5007AD0C8 /* HeroHeaderUIView.swift in Sources */ = {isa = PBXBuildFile; fileRef = 6AB9B77A285968F5007AD0C8 /* HeroHeaderUIView.swift */; };
		6AB9B77D2859CE8F007AD0C8 /* APICaller.swift in Sources */ = {isa = PBXBuildFile; fileRef = 6AB9B77C2859CE8F007AD0C8 /* APICaller.swift */; };
		6AB9B77F2859D531007AD0C8 /* Title.swift in Sources */ = {isa = PBXBuildFile; fileRef = 6AB9B77E2859D531007AD0C8 /* Title.swift */; };
		6AB9B7812859DB3D007AD0C8 /* Extensions.swift in Sources */ = {isa = PBXBuildFile; fileRef = 6AB9B7802859DB3D007AD0C8 /* Extensions.swift */; };
		CB45323E285822E00092A987 /* AppDelegate.swift in Sources */ = {isa = PBXBuildFile; fileRef = CB45323D285822E00092A987 /* AppDelegate.swift */; };
		CB453240285822E00092A987 /* SceneDelegate.swift in Sources */ = {isa = PBXBuildFile; fileRef = CB45323F285822E00092A987 /* SceneDelegate.swift */; };
		CB453242285822E00092A987 /* MainTabBarViewController.swift in Sources */ = {isa = PBXBuildFile; fileRef = CB453241285822E00092A987 /* MainTabBarViewController.swift */; };
		CB453247285822E10092A987 /* Assets.xcassets in Resources */ = {isa = PBXBuildFile; fileRef = CB453246285822E10092A987 /* Assets.xcassets */; };
		CB45324A285822E10092A987 /* LaunchScreen.storyboard in Resources */ = {isa = PBXBuildFile; fileRef = CB453248285822E10092A987 /* LaunchScreen.storyboard */; };
/* End PBXBuildFile section */

/* Begin PBXFileReference section */
		6AB9B76828582BAD007AD0C8 /* HomeViewController.swift */ = {isa = PBXFileReference; lastKnownFileType = sourcecode.swift; path = HomeViewController.swift; sourceTree = "<group>"; };
		6AB9B76A28582BEA007AD0C8 /* UpComingViewController.swift */ = {isa = PBXFileReference; lastKnownFileType = sourcecode.swift; path = UpComingViewController.swift; sourceTree = "<group>"; };
		6AB9B76C28582C77007AD0C8 /* SearchViewController.swift */ = {isa = PBXFileReference; lastKnownFileType = sourcecode.swift; path = SearchViewController.swift; sourceTree = "<group>"; };
		6AB9B76E28582C95007AD0C8 /* DownloadsViewController.swift */ = {isa = PBXFileReference; lastKnownFileType = sourcecode.swift; path = DownloadsViewController.swift; sourceTree = "<group>"; };
		6AB9B7752858722E007AD0C8 /* CollectionViewTableViewCell.swift */ = {isa = PBXFileReference; lastKnownFileType = sourcecode.swift; path = CollectionViewTableViewCell.swift; sourceTree = "<group>"; };
		6AB9B77A285968F5007AD0C8 /* HeroHeaderUIView.swift */ = {isa = PBXFileReference; lastKnownFileType = sourcecode.swift; path = HeroHeaderUIView.swift; sourceTree = "<group>"; };
		6AB9B77C2859CE8F007AD0C8 /* APICaller.swift */ = {isa = PBXFileReference; lastKnownFileType = sourcecode.swift; path = APICaller.swift; sourceTree = "<group>"; };
		6AB9B77E2859D531007AD0C8 /* Title.swift */ = {isa = PBXFileReference; lastKnownFileType = sourcecode.swift; path = Title.swift; sourceTree = "<group>"; };
		6AB9B7802859DB3D007AD0C8 /* Extensions.swift */ = {isa = PBXFileReference; lastKnownFileType = sourcecode.swift; path = Extensions.swift; sourceTree = "<group>"; };
		CB45323A285822E00092A987 /* NetflixClone.app */ = {isa = PBXFileReference; explicitFileType = wrapper.application; includeInIndex = 0; path = NetflixClone.app; sourceTree = BUILT_PRODUCTS_DIR; };
		CB45323D285822E00092A987 /* AppDelegate.swift */ = {isa = PBXFileReference; lastKnownFileType = sourcecode.swift; path = AppDelegate.swift; sourceTree = "<group>"; };
		CB45323F285822E00092A987 /* SceneDelegate.swift */ = {isa = PBXFileReference; lastKnownFileType = sourcecode.swift; path = SceneDelegate.swift; sourceTree = "<group>"; };
		CB453241285822E00092A987 /* MainTabBarViewController.swift */ = {isa = PBXFileReference; lastKnownFileType = sourcecode.swift; path = MainTabBarViewController.swift; sourceTree = "<group>"; };
		CB453246285822E10092A987 /* Assets.xcassets */ = {isa = PBXFileReference; lastKnownFileType = folder.assetcatalog; path = Assets.xcassets; sourceTree = "<group>"; };
		CB453249285822E10092A987 /* Base */ = {isa = PBXFileReference; lastKnownFileType = file.storyboard; name = Base; path = Base.lproj/LaunchScreen.storyboard; sourceTree = "<group>"; };
		CB45324B285822E10092A987 /* Info.plist */ = {isa = PBXFileReference; lastKnownFileType = text.plist.xml; path = Info.plist; sourceTree = "<group>"; };
/* End PBXFileReference section */

/* Begin PBXFrameworksBuildPhase section */
		CB453237285822E00092A987 /* Frameworks */ = {
			isa = PBXFrameworksBuildPhase;
			buildActionMask = 2147483647;
			files = (
			);
			runOnlyForDeploymentPostprocessing = 0;
		};
/* End PBXFrameworksBuildPhase section */

/* Begin PBXGroup section */
		6AB9B76728582B78007AD0C8 /* Controllers */ = {
			isa = PBXGroup;
			children = (
				6AB9B76828582BAD007AD0C8 /* HomeViewController.swift */,
				6AB9B76A28582BEA007AD0C8 /* UpComingViewController.swift */,
				6AB9B76C28582C77007AD0C8 /* SearchViewController.swift */,
				6AB9B76E28582C95007AD0C8 /* DownloadsViewController.swift */,
			);
			path = Controllers;
			sourceTree = "<group>";
		};
		6AB9B770285871B3007AD0C8 /* Views */ = {
			isa = PBXGroup;
			children = (
				6AB9B7752858722E007AD0C8 /* CollectionViewTableViewCell.swift */,
				6AB9B77A285968F5007AD0C8 /* HeroHeaderUIView.swift */,
			);
			path = Views;
			sourceTree = "<group>";
		};
		6AB9B771285871B9007AD0C8 /* ViewModels */ = {
			isa = PBXGroup;
			children = (
			);
			path = ViewModels;
			sourceTree = "<group>";
		};
		6AB9B772285871C0007AD0C8 /* Models */ = {
			isa = PBXGroup;
			children = (
				6AB9B77E2859D531007AD0C8 /* Title.swift */,
			);
			path = Models;
			sourceTree = "<group>";
		};
		6AB9B773285871E1007AD0C8 /* Resources */ = {
			isa = PBXGroup;
			children = (
				6AB9B7802859DB3D007AD0C8 /* Extensions.swift */,
			);
			path = Resources;
			sourceTree = "<group>";
		};
		6AB9B774285871EA007AD0C8 /* Managers */ = {
			isa = PBXGroup;
			children = (
				6AB9B77C2859CE8F007AD0C8 /* APICaller.swift */,
			);
			path = Managers;
			sourceTree = "<group>";
		};
		CB453231285822E00092A987 = {
			isa = PBXGroup;
			children = (
				CB45323C285822E00092A987 /* NetflixClone */,
				CB45323B285822E00092A987 /* Products */,
			);
			sourceTree = "<group>";
		};
		CB45323B285822E00092A987 /* Products */ = {
			isa = PBXGroup;
			children = (
				CB45323A285822E00092A987 /* NetflixClone.app */,
			);
			name = Products;
			sourceTree = "<group>";
		};
		CB45323C285822E00092A987 /* NetflixClone */ = {
			isa = PBXGroup;
			children = (
				6AB9B774285871EA007AD0C8 /* Managers */,
				6AB9B773285871E1007AD0C8 /* Resources */,
				6AB9B772285871C0007AD0C8 /* Models */,
				6AB9B770285871B3007AD0C8 /* Views */,
				6AB9B771285871B9007AD0C8 /* ViewModels */,
				6AB9B76728582B78007AD0C8 /* Controllers */,
				CB45323D285822E00092A987 /* AppDelegate.swift */,
				CB45323F285822E00092A987 /* SceneDelegate.swift */,
				CB453241285822E00092A987 /* MainTabBarViewController.swift */,
				CB453246285822E10092A987 /* Assets.xcassets */,
				CB453248285822E10092A987 /* LaunchScreen.storyboard */,
				CB45324B285822E10092A987 /* Info.plist */,
			);
			path = NetflixClone;
			sourceTree = "<group>";
		};
/* End PBXGroup section */

/* Begin PBXNativeTarget section */
		CB453239285822E00092A987 /* NetflixClone */ = {
			isa = PBXNativeTarget;
			buildConfigurationList = CB45324E285822E10092A987 /* Build configuration list for PBXNativeTarget "NetflixClone" */;
			buildPhases = (
				CB453236285822E00092A987 /* Sources */,
				CB453237285822E00092A987 /* Frameworks */,
				CB453238285822E00092A987 /* Resources */,
			);
			buildRules = (
			);
			dependencies = (
			);
			name = NetflixClone;
			productName = NetflixClone;
			productReference = CB45323A285822E00092A987 /* NetflixClone.app */;
			productType = "com.apple.product-type.application";
		};
/* End PBXNativeTarget section */

/* Begin PBXProject section */
		CB453232285822E00092A987 /* Project object */ = {
			isa = PBXProject;
			attributes = {
				BuildIndependentTargetsInParallel = 1;
				LastSwiftUpdateCheck = 1340;
				LastUpgradeCheck = 1340;
				TargetAttributes = {
					CB453239285822E00092A987 = {
						CreatedOnToolsVersion = 13.4;
					};
				};
			};
			buildConfigurationList = CB453235285822E00092A987 /* Build configuration list for PBXProject "NetflixClone" */;
			compatibilityVersion = "Xcode 13.0";
			developmentRegion = en;
			hasScannedForEncodings = 0;
			knownRegions = (
				en,
				Base,
			);
			mainGroup = CB453231285822E00092A987;
			productRefGroup = CB45323B285822E00092A987 /* Products */;
			projectDirPath = "";
			projectRoot = "";
			targets = (
				CB453239285822E00092A987 /* NetflixClone */,
			);
		};
/* End PBXProject section */

/* Begin PBXResourcesBuildPhase section */
		CB453238285822E00092A987 /* Resources */ = {
			isa = PBXResourcesBuildPhase;
			buildActionMask = 2147483647;
			files = (
				CB45324A285822E10092A987 /* LaunchScreen.storyboard in Resources */,
				CB453247285822E10092A987 /* Assets.xcassets in Resources */,
			);
			runOnlyForDeploymentPostprocessing = 0;
		};
/* End PBXResourcesBuildPhase section */

/* Begin PBXSourcesBuildPhase section */
		CB453236285822E00092A987 /* Sources */ = {
			isa = PBXSourcesBuildPhase;
			buildActionMask = 2147483647;
			files = (
				6AB9B76D28582C77007AD0C8 /* SearchViewController.swift in Sources */,
				CB453242285822E00092A987 /* MainTabBarViewController.swift in Sources */,
				6AB9B7762858722E007AD0C8 /* CollectionViewTableViewCell.swift in Sources */,
				6AB9B77D2859CE8F007AD0C8 /* APICaller.swift in Sources */,
				6AB9B77B285968F5007AD0C8 /* HeroHeaderUIView.swift in Sources */,
				6AB9B76F28582C95007AD0C8 /* DownloadsViewController.swift in Sources */,
				CB45323E285822E00092A987 /* AppDelegate.swift in Sources */,
				6AB9B7812859DB3D007AD0C8 /* Extensions.swift in Sources */,
				6AB9B76B28582BEA007AD0C8 /* UpComingViewController.swift in Sources */,
				CB453240285822E00092A987 /* SceneDelegate.swift in Sources */,
				6AB9B77F2859D531007AD0C8 /* Title.swift in Sources */,
				6AB9B76928582BAD007AD0C8 /* HomeViewController.swift in Sources */,
			);
			runOnlyForDeploymentPostprocessing = 0;
		};
/* End PBXSourcesBuildPhase section */

/* Begin PBXVariantGroup section */
		CB453248285822E10092A987 /* LaunchScreen.storyboard */ = {
			isa = PBXVariantGroup;
			children = (
				CB453249285822E10092A987 /* Base */,
			);
			name = LaunchScreen.storyboard;
			sourceTree = "<group>";
		};
/* End PBXVariantGroup section */

/* Begin XCBuildConfiguration section */
		CB45324C285822E10092A987 /* Debug */ = {
			isa = XCBuildConfiguration;
			buildSettings = {
				ALWAYS_SEARCH_USER_PATHS = NO;
				CLANG_ANALYZER_NONNULL = YES;
				CLANG_ANALYZER_NUMBER_OBJECT_CONVERSION = YES_AGGRESSIVE;
				CLANG_CXX_LANGUAGE_STANDARD = "gnu++17";
				CLANG_ENABLE_MODULES = YES;
				CLANG_ENABLE_OBJC_ARC = YES;
				CLANG_ENABLE_OBJC_WEAK = YES;
				CLANG_WARN_BLOCK_CAPTURE_AUTORELEASING = YES;
				CLANG_WARN_BOOL_CONVERSION = YES;
				CLANG_WARN_COMMA = YES;
				CLANG_WARN_CONSTANT_CONVERSION = YES;
				CLANG_WARN_DEPRECATED_OBJC_IMPLEMENTATIONS = YES;
				CLANG_WARN_DIRECT_OBJC_ISA_USAGE = YES_ERROR;
				CLANG_WARN_DOCUMENTATION_COMMENTS = YES;
				CLANG_WARN_EMPTY_BODY = YES;
				CLANG_WARN_ENUM_CONVERSION = YES;
				CLANG_WARN_INFINITE_RECURSION = YES;
				CLANG_WARN_INT_CONVERSION = YES;
				CLANG_WARN_NON_LITERAL_NULL_CONVERSION = YES;
				CLANG_WARN_OBJC_IMPLICIT_RETAIN_SELF = YES;
				CLANG_WARN_OBJC_LITERAL_CONVERSION = YES;
				CLANG_WARN_OBJC_ROOT_CLASS = YES_ERROR;
				CLANG_WARN_QUOTED_INCLUDE_IN_FRAMEWORK_HEADER = YES;
				CLANG_WARN_RANGE_LOOP_ANALYSIS = YES;
				CLANG_WARN_STRICT_PROTOTYPES = YES;
				CLANG_WARN_SUSPICIOUS_MOVE = YES;
				CLANG_WARN_UNGUARDED_AVAILABILITY = YES_AGGRESSIVE;
				CLANG_WARN_UNREACHABLE_CODE = YES;
				CLANG_WARN__DUPLICATE_METHOD_MATCH = YES;
				COPY_PHASE_STRIP = NO;
				DEBUG_INFORMATION_FORMAT = dwarf;
				ENABLE_STRICT_OBJC_MSGSEND = YES;
				ENABLE_TESTABILITY = YES;
				GCC_C_LANGUAGE_STANDARD = gnu11;
				GCC_DYNAMIC_NO_PIC = NO;
				GCC_NO_COMMON_BLOCKS = YES;
				GCC_OPTIMIZATION_LEVEL = 0;
				GCC_PREPROCESSOR_DEFINITIONS = (
					"DEBUG=1",
					"$(inherited)",
				);
				GCC_WARN_64_TO_32_BIT_CONVERSION = YES;
				GCC_WARN_ABOUT_RETURN_TYPE = YES_ERROR;
				GCC_WARN_UNDECLARED_SELECTOR = YES;
				GCC_WARN_UNINITIALIZED_AUTOS = YES_AGGRESSIVE;
				GCC_WARN_UNUSED_FUNCTION = YES;
				GCC_WARN_UNUSED_VARIABLE = YES;
				IPHONEOS_DEPLOYMENT_TARGET = 15.5;
				MTL_ENABLE_DEBUG_INFO = INCLUDE_SOURCE;
				MTL_FAST_MATH = YES;
				ONLY_ACTIVE_ARCH = YES;
				SDKROOT = iphoneos;
				SWIFT_ACTIVE_COMPILATION_CONDITIONS = DEBUG;
				SWIFT_OPTIMIZATION_LEVEL = "-Onone";
			};
			name = Debug;
		};
		CB45324D285822E10092A987 /* Release */ = {
			isa = XCBuildConfiguration;
			buildSettings = {
				ALWAYS_SEARCH_USER_PATHS = NO;
				CLANG_ANALYZER_NONNULL = YES;
				CLANG_ANALYZER_NUMBER_OBJECT_CONVERSION = YES_AGGRESSIVE;
				CLANG_CXX_LANGUAGE_STANDARD = "gnu++17";
				CLANG_ENABLE_MODULES = YES;
				CLANG_ENABLE_OBJC_ARC = YES;
				CLANG_ENABLE_OBJC_WEAK = YES;
				CLANG_WARN_BLOCK_CAPTURE_AUTORELEASING = YES;
				CLANG_WARN_BOOL_CONVERSION = YES;
				CLANG_WARN_COMMA = YES;
				CLANG_WARN_CONSTANT_CONVERSION = YES;
				CLANG_WARN_DEPRECATED_OBJC_IMPLEMENTATIONS = YES;
				CLANG_WARN_DIRECT_OBJC_ISA_USAGE = YES_ERROR;
				CLANG_WARN_DOCUMENTATION_COMMENTS = YES;
				CLANG_WARN_EMPTY_BODY = YES;
				CLANG_WARN_ENUM_CONVERSION = YES;
				CLANG_WARN_INFINITE_RECURSION = YES;
				CLANG_WARN_INT_CONVERSION = YES;
				CLANG_WARN_NON_LITERAL_NULL_CONVERSION = YES;
				CLANG_WARN_OBJC_IMPLICIT_RETAIN_SELF = YES;
				CLANG_WARN_OBJC_LITERAL_CONVERSION = YES;
				CLANG_WARN_OBJC_ROOT_CLASS = YES_ERROR;
				CLANG_WARN_QUOTED_INCLUDE_IN_FRAMEWORK_HEADER = YES;
				CLANG_WARN_RANGE_LOOP_ANALYSIS = YES;
				CLANG_WARN_STRICT_PROTOTYPES = YES;
				CLANG_WARN_SUSPICIOUS_MOVE = YES;
				CLANG_WARN_UNGUARDED_AVAILABILITY = YES_AGGRESSIVE;
				CLANG_WARN_UNREACHABLE_CODE = YES;
				CLANG_WARN__DUPLICATE_METHOD_MATCH = YES;
				COPY_PHASE_STRIP = NO;
				DEBUG_INFORMATION_FORMAT = "dwarf-with-dsym";
				ENABLE_NS_ASSERTIONS = NO;
				ENABLE_STRICT_OBJC_MSGSEND = YES;
				GCC_C_LANGUAGE_STANDARD = gnu11;
				GCC_NO_COMMON_BLOCKS = YES;
				GCC_WARN_64_TO_32_BIT_CONVERSION = YES;
				GCC_WARN_ABOUT_RETURN_TYPE = YES_ERROR;
				GCC_WARN_UNDECLARED_SELECTOR = YES;
				GCC_WARN_UNINITIALIZED_AUTOS = YES_AGGRESSIVE;
				GCC_WARN_UNUSED_FUNCTION = YES;
				GCC_WARN_UNUSED_VARIABLE = YES;
				IPHONEOS_DEPLOYMENT_TARGET = 15.5;
				MTL_ENABLE_DEBUG_INFO = NO;
				MTL_FAST_MATH = YES;
				SDKROOT = iphoneos;
				SWIFT_COMPILATION_MODE = wholemodule;
				SWIFT_OPTIMIZATION_LEVEL = "-O";
				VALIDATE_PRODUCT = YES;
			};
			name = Release;
		};
		CB45324F285822E10092A987 /* Debug */ = {
			isa = XCBuildConfiguration;
			buildSettings = {
				ASSETCATALOG_COMPILER_APPICON_NAME = AppIcon;
				ASSETCATALOG_COMPILER_GLOBAL_ACCENT_COLOR_NAME = AccentColor;
				CODE_SIGN_STYLE = Automatic;
				CURRENT_PROJECT_VERSION = 1;
				DEVELOPMENT_TEAM = 3M4A2CF39P;
				GENERATE_INFOPLIST_FILE = YES;
				INFOPLIST_FILE = NetflixClone/Info.plist;
				INFOPLIST_KEY_UIApplicationSupportsIndirectInputEvents = YES;
				INFOPLIST_KEY_UILaunchStoryboardName = LaunchScreen;
				INFOPLIST_KEY_UISupportedInterfaceOrientations_iPad = "UIInterfaceOrientationPortrait UIInterfaceOrientationPortraitUpsideDown UIInterfaceOrientationLandscapeLeft UIInterfaceOrientationLandscapeRight";
				INFOPLIST_KEY_UISupportedInterfaceOrientations_iPhone = "UIInterfaceOrientationPortrait UIInterfaceOrientationLandscapeLeft UIInterfaceOrientationLandscapeRight";
				LD_RUNPATH_SEARCH_PATHS = (
					"$(inherited)",
					"@executable_path/Frameworks",
				);
				MARKETING_VERSION = 1.0;
				PRODUCT_BUNDLE_IDENTIFIER = vuhm.NetflixClone;
				PRODUCT_NAME = "$(TARGET_NAME)";
				SWIFT_EMIT_LOC_STRINGS = YES;
				SWIFT_VERSION = 5.0;
				TARGETED_DEVICE_FAMILY = "1,2";
			};
			name = Debug;
		};
		CB453250285822E10092A987 /* Release */ = {
			isa = XCBuildConfiguration;
			buildSettings = {
				ASSETCATALOG_COMPILER_APPICON_NAME = AppIcon;
				ASSETCATALOG_COMPILER_GLOBAL_ACCENT_COLOR_NAME = AccentColor;
				CODE_SIGN_STYLE = Automatic;
				CURRENT_PROJECT_VERSION = 1;
				DEVELOPMENT_TEAM = 3M4A2CF39P;
				GENERATE_INFOPLIST_FILE = YES;
				INFOPLIST_FILE = NetflixClone/Info.plist;
				INFOPLIST_KEY_UIApplicationSupportsIndirectInputEvents = YES;
				INFOPLIST_KEY_UILaunchStoryboardName = LaunchScreen;
				INFOPLIST_KEY_UISupportedInterfaceOrientations_iPad = "UIInterfaceOrientationPortrait UIInterfaceOrientationPortraitUpsideDown UIInterfaceOrientationLandscapeLeft UIInterfaceOrientationLandscapeRight";
				INFOPLIST_KEY_UISupportedInterfaceOrientations_iPhone = "UIInterfaceOrientationPortrait UIInterfaceOrientationLandscapeLeft UIInterfaceOrientationLandscapeRight";
				LD_RUNPATH_SEARCH_PATHS = (
					"$(inherited)",
					"@executable_path/Frameworks",
				);
				MARKETING_VERSION = 1.0;
				PRODUCT_BUNDLE_IDENTIFIER = vuhm.NetflixClone;
				PRODUCT_NAME = "$(TARGET_NAME)";
				SWIFT_EMIT_LOC_STRINGS = YES;
				SWIFT_VERSION = 5.0;
				TARGETED_DEVICE_FAMILY = "1,2";
			};
			name = Release;
		};
/* End XCBuildConfiguration section */

/* Begin XCConfigurationList section */
		CB453235285822E00092A987 /* Build configuration list for PBXProject "NetflixClone" */ = {
			isa = XCConfigurationList;
			buildConfigurations = (
				CB45324C285822E10092A987 /* Debug */,
				CB45324D285822E10092A987 /* Release */,
			);
			defaultConfigurationIsVisible = 0;
			defaultConfigurationName = Release;
		};
		CB45324E285822E10092A987 /* Build configuration list for PBXNativeTarget "NetflixClone" */ = {
			isa = XCConfigurationList;
			buildConfigurations = (
				CB45324F285822E10092A987 /* Debug */,
				CB453250285822E10092A987 /* Release */,
			);
			defaultConfigurationIsVisible = 0;
			defaultConfigurationName = Release;
		};
/* End XCConfigurationList section */
	};
	rootObject = CB453232285822E00092A987 /* Project object */;
}
